// !$*UTF8*$!
{
	archiveVersion = 1;
	classes = {
	};
	objectVersion = 46;
	objects = {

/* Begin PBXBuildFile section */
		D78C14D31BC6642300F016B8 /* main.m in Sources */ = {isa = PBXBuildFile; fileRef = D78C14D21BC6642300F016B8 /* main.m */; };
		D78C14D61BC6642300F016B8 /* AGAppDelegate.m in Sources */ = {isa = PBXBuildFile; fileRef = D78C14D51BC6642300F016B8 /* AGAppDelegate.m */; };
		D78C14D91BC6642300F016B8 /* AGViewController.m in Sources */ = {isa = PBXBuildFile; fileRef = D78C14D81BC6642300F016B8 /* AGViewController.m */; };
		D78C14DE1BC6642300F016B8 /* Images.xcassets in Resources */ = {isa = PBXBuildFile; fileRef = D78C14DD1BC6642300F016B8 /* Images.xcassets */; };
		D78C14E11BC6642300F016B8 /* LaunchScreen.xib in Resources */ = {isa = PBXBuildFile; fileRef = D78C14DF1BC6642300F016B8 /* LaunchScreen.xib */; };
		D78C14ED1BC6642300F016B8 /* AGWeiboUserInfoTests.m in Sources */ = {isa = PBXBuildFile; fileRef = D78C14EC1BC6642300F016B8 /* AGWeiboUserInfoTests.m */; };
		D78C14FC1BC6676500F016B8 /* AGWeiBoUserInfoController.m in Sources */ = {isa = PBXBuildFile; fileRef = D78C14FA1BC6676500F016B8 /* AGWeiBoUserInfoController.m */; };
		D78C14FD1BC6676500F016B8 /* AGWeiBoUserInfoController.xib in Resources */ = {isa = PBXBuildFile; fileRef = D78C14FB1BC6676500F016B8 /* AGWeiBoUserInfoController.xib */; };
		D78C15091BC6B2D600F016B8 /* UIImage+Color.m in Sources */ = {isa = PBXBuildFile; fileRef = D78C15081BC6B2D600F016B8 /* UIImage+Color.m */; };
/* End PBXBuildFile section */

/* Begin PBXContainerItemProxy section */
		D78C14E71BC6642300F016B8 /* PBXContainerItemProxy */ = {
			isa = PBXContainerItemProxy;
			containerPortal = D78C14C51BC6642300F016B8 /* Project object */;
			proxyType = 1;
			remoteGlobalIDString = D78C14CC1BC6642300F016B8;
			remoteInfo = AGWeiboUserInfo;
		};
/* End PBXContainerItemProxy section */

/* Begin PBXFileReference section */
		D78C14CD1BC6642300F016B8 /* AGWeiboUserInfo.app */ = {isa = PBXFileReference; explicitFileType = wrapper.application; includeInIndex = 0; path = AGWeiboUserInfo.app; sourceTree = BUILT_PRODUCTS_DIR; };
		D78C14D11BC6642300F016B8 /* Info.plist */ = {isa = PBXFileReference; lastKnownFileType = text.plist.xml; path = Info.plist; sourceTree = "<group>"; };
		D78C14D21BC6642300F016B8 /* main.m */ = {isa = PBXFileReference; lastKnownFileType = sourcecode.c.objc; path = main.m; sourceTree = "<group>"; };
		D78C14D41BC6642300F016B8 /* AGAppDelegate.h */ = {isa = PBXFileReference; lastKnownFileType = sourcecode.c.h; path = AGAppDelegate.h; sourceTree = "<group>"; };
		D78C14D51BC6642300F016B8 /* AGAppDelegate.m */ = {isa = PBXFileReference; lastKnownFileType = sourcecode.c.objc; path = AGAppDelegate.m; sourceTree = "<group>"; };
		D78C14D71BC6642300F016B8 /* AGViewController.h */ = {isa = PBXFileReference; lastKnownFileType = sourcecode.c.h; path = AGViewController.h; sourceTree = "<group>"; };
		D78C14D81BC6642300F016B8 /* AGViewController.m */ = {isa = PBXFileReference; lastKnownFileType = sourcecode.c.objc; path = AGViewController.m; sourceTree = "<group>"; };
		D78C14DD1BC6642300F016B8 /* Images.xcassets */ = {isa = PBXFileReference; lastKnownFileType = folder.assetcatalog; path = Images.xcassets; sourceTree = "<group>"; };
		D78C14E01BC6642300F016B8 /* Base */ = {isa = PBXFileReference; lastKnownFileType = file.xib; name = Base; path = Base.lproj/LaunchScreen.xib; sourceTree = "<group>"; };
		D78C14E61BC6642300F016B8 /* AGWeiboUserInfoTests.xctest */ = {isa = PBXFileReference; explicitFileType = wrapper.cfbundle; includeInIndex = 0; path = AGWeiboUserInfoTests.xctest; sourceTree = BUILT_PRODUCTS_DIR; };
		D78C14EB1BC6642300F016B8 /* Info.plist */ = {isa = PBXFileReference; lastKnownFileType = text.plist.xml; path = Info.plist; sourceTree = "<group>"; };
		D78C14EC1BC6642300F016B8 /* AGWeiboUserInfoTests.m */ = {isa = PBXFileReference; lastKnownFileType = sourcecode.c.objc; path = AGWeiboUserInfoTests.m; sourceTree = "<group>"; };
		D78C14F91BC6676500F016B8 /* AGWeiBoUserInfoController.h */ = {isa = PBXFileReference; fileEncoding = 4; lastKnownFileType = sourcecode.c.h; path = AGWeiBoUserInfoController.h; sourceTree = "<group>"; };
		D78C14FA1BC6676500F016B8 /* AGWeiBoUserInfoController.m */ = {isa = PBXFileReference; fileEncoding = 4; lastKnownFileType = sourcecode.c.objc; path = AGWeiBoUserInfoController.m; sourceTree = "<group>"; };
		D78C14FB1BC6676500F016B8 /* AGWeiBoUserInfoController.xib */ = {isa = PBXFileReference; fileEncoding = 4; lastKnownFileType = file.xib; path = AGWeiBoUserInfoController.xib; sourceTree = "<group>"; };
		D78C15071BC6B2D600F016B8 /* UIImage+Color.h */ = {isa = PBXFileReference; fileEncoding = 4; lastKnownFileType = sourcecode.c.h; path = "UIImage+Color.h"; sourceTree = "<group>"; };
		D78C15081BC6B2D600F016B8 /* UIImage+Color.m */ = {isa = PBXFileReference; fileEncoding = 4; lastKnownFileType = sourcecode.c.objc; path = "UIImage+Color.m"; sourceTree = "<group>"; };
/* End PBXFileReference section */

/* Begin PBXFrameworksBuildPhase section */
		D78C14CA1BC6642300F016B8 /* Frameworks */ = {
			isa = PBXFrameworksBuildPhase;
			buildActionMask = 2147483647;
			files = (
			);
			runOnlyForDeploymentPostprocessing = 0;
		};
		D78C14E31BC6642300F016B8 /* Frameworks */ = {
			isa = PBXFrameworksBuildPhase;
			buildActionMask = 2147483647;
			files = (
			);
			runOnlyForDeploymentPostprocessing = 0;
		};
/* End PBXFrameworksBuildPhase section */

/* Begin PBXGroup section */
		D78C14C41BC6642300F016B8 = {
			isa = PBXGroup;
			children = (
				D78C14CF1BC6642300F016B8 /* AGWeiboUserInfo */,
				D78C14E91BC6642300F016B8 /* AGWeiboUserInfoTests */,
				D78C14CE1BC6642300F016B8 /* Products */,
			);
			sourceTree = "<group>";
		};
		D78C14CE1BC6642300F016B8 /* Products */ = {
			isa = PBXGroup;
			children = (
				D78C14CD1BC6642300F016B8 /* AGWeiboUserInfo.app */,
				D78C14E61BC6642300F016B8 /* AGWeiboUserInfoTests.xctest */,
			);
			name = Products;
			sourceTree = "<group>";
		};
		D78C14CF1BC6642300F016B8 /* AGWeiboUserInfo */ = {
			isa = PBXGroup;
			children = (
				D78C15001BC6B26700F016B8 /* Category */,
				D78C14F61BC6673900F016B8 /* Controller */,
				D78C14F71BC6673900F016B8 /* Model */,
				D78C14F81BC6673900F016B8 /* View */,
				D78C14D41BC6642300F016B8 /* AGAppDelegate.h */,
				D78C14D51BC6642300F016B8 /* AGAppDelegate.m */,
				D78C14D71BC6642300F016B8 /* AGViewController.h */,
				D78C14D81BC6642300F016B8 /* AGViewController.m */,
				D78C14DD1BC6642300F016B8 /* Images.xcassets */,
				D78C14DF1BC6642300F016B8 /* LaunchScreen.xib */,
				D78C14D01BC6642300F016B8 /* Supporting Files */,
			);
			path = AGWeiboUserInfo;
			sourceTree = "<group>";
		};
		D78C14D01BC6642300F016B8 /* Supporting Files */ = {
			isa = PBXGroup;
			children = (
				D78C14D11BC6642300F016B8 /* Info.plist */,
				D78C14D21BC6642300F016B8 /* main.m */,
			);
			name = "Supporting Files";
			sourceTree = "<group>";
		};
		D78C14E91BC6642300F016B8 /* AGWeiboUserInfoTests */ = {
			isa = PBXGroup;
			children = (
				D78C14EC1BC6642300F016B8 /* AGWeiboUserInfoTests.m */,
				D78C14EA1BC6642300F016B8 /* Supporting Files */,
			);
			path = AGWeiboUserInfoTests;
			sourceTree = "<group>";
		};
		D78C14EA1BC6642300F016B8 /* Supporting Files */ = {
			isa = PBXGroup;
			children = (
				D78C14EB1BC6642300F016B8 /* Info.plist */,
			);
			name = "Supporting Files";
			sourceTree = "<group>";
		};
		D78C14F61BC6673900F016B8 /* Controller */ = {
			isa = PBXGroup;
			children = (
				D78C14F91BC6676500F016B8 /* AGWeiBoUserInfoController.h */,
				D78C14FA1BC6676500F016B8 /* AGWeiBoUserInfoController.m */,
				D78C14FB1BC6676500F016B8 /* AGWeiBoUserInfoController.xib */,
			);
			path = Controller;
			sourceTree = "<group>";
		};
		D78C14F71BC6673900F016B8 /* Model */ = {
			isa = PBXGroup;
			children = (
			);
			path = Model;
			sourceTree = "<group>";
		};
		D78C14F81BC6673900F016B8 /* View */ = {
			isa = PBXGroup;
			children = (
			);
			path = View;
			sourceTree = "<group>";
		};
		D78C15001BC6B26700F016B8 /* Category */ = {
			isa = PBXGroup;
			children = (
				D78C15071BC6B2D600F016B8 /* UIImage+Color.h */,
				D78C15081BC6B2D600F016B8 /* UIImage+Color.m */,
			);
			path = Category;
			sourceTree = "<group>";
		};
/* End PBXGroup section */

/* Begin PBXNativeTarget section */
		D78C14CC1BC6642300F016B8 /* AGWeiboUserInfo */ = {
			isa = PBXNativeTarget;
			buildConfigurationList = D78C14F01BC6642300F016B8 /* Build configuration list for PBXNativeTarget "AGWeiboUserInfo" */;
			buildPhases = (
				D78C14C91BC6642300F016B8 /* Sources */,
				D78C14CA1BC6642300F016B8 /* Frameworks */,
				D78C14CB1BC6642300F016B8 /* Resources */,
			);
			buildRules = (
			);
			dependencies = (
			);
			name = AGWeiboUserInfo;
			productName = AGWeiboUserInfo;
			productReference = D78C14CD1BC6642300F016B8 /* AGWeiboUserInfo.app */;
			productType = "com.apple.product-type.application";
		};
		D78C14E51BC6642300F016B8 /* AGWeiboUserInfoTests */ = {
			isa = PBXNativeTarget;
			buildConfigurationList = D78C14F31BC6642300F016B8 /* Build configuration list for PBXNativeTarget "AGWeiboUserInfoTests" */;
			buildPhases = (
				D78C14E21BC6642300F016B8 /* Sources */,
				D78C14E31BC6642300F016B8 /* Frameworks */,
				D78C14E41BC6642300F016B8 /* Resources */,
			);
			buildRules = (
			);
			dependencies = (
				D78C14E81BC6642300F016B8 /* PBXTargetDependency */,
			);
			name = AGWeiboUserInfoTests;
			productName = AGWeiboUserInfoTests;
			productReference = D78C14E61BC6642300F016B8 /* AGWeiboUserInfoTests.xctest */;
			productType = "com.apple.product-type.bundle.unit-test";
		};
/* End PBXNativeTarget section */

/* Begin PBXProject section */
		D78C14C51BC6642300F016B8 /* Project object */ = {
			isa = PBXProject;
			attributes = {
				CLASSPREFIX = AG;
				LastUpgradeCheck = 0640;
				ORGANIZATIONNAME = Agenric;
				TargetAttributes = {
					D78C14CC1BC6642300F016B8 = {
						CreatedOnToolsVersion = 6.4;
					};
					D78C14E51BC6642300F016B8 = {
						CreatedOnToolsVersion = 6.4;
						TestTargetID = D78C14CC1BC6642300F016B8;
					};
				};
			};
			buildConfigurationList = D78C14C81BC6642300F016B8 /* Build configuration list for PBXProject "AGWeiboUserInfo" */;
			compatibilityVersion = "Xcode 3.2";
			developmentRegion = English;
			hasScannedForEncodings = 0;
			knownRegions = (
				en,
				Base,
			);
			mainGroup = D78C14C41BC6642300F016B8;
			productRefGroup = D78C14CE1BC6642300F016B8 /* Products */;
			projectDirPath = "";
			projectRoot = "";
			targets = (
				D78C14CC1BC6642300F016B8 /* AGWeiboUserInfo */,
				D78C14E51BC6642300F016B8 /* AGWeiboUserInfoTests */,
			);
		};
/* End PBXProject section */

/* Begin PBXResourcesBuildPhase section */
		D78C14CB1BC6642300F016B8 /* Resources */ = {
			isa = PBXResourcesBuildPhase;
			buildActionMask = 2147483647;
			files = (
				D78C14FD1BC6676500F016B8 /* AGWeiBoUserInfoController.xib in Resources */,
				D78C14E11BC6642300F016B8 /* LaunchScreen.xib in Resources */,
				D78C14DE1BC6642300F016B8 /* Images.xcassets in Resources */,
			);
			runOnlyForDeploymentPostprocessing = 0;
		};
		D78C14E41BC6642300F016B8 /* Resources */ = {
			isa = PBXResourcesBuildPhase;
			buildActionMask = 2147483647;
			files = (
			);
			runOnlyForDeploymentPostprocessing = 0;
		};
/* End PBXResourcesBuildPhase section */

/* Begin PBXSourcesBuildPhase section */
		D78C14C91BC6642300F016B8 /* Sources */ = {
			isa = PBXSourcesBuildPhase;
			buildActionMask = 2147483647;
			files = (
				D78C14D91BC6642300F016B8 /* AGViewController.m in Sources */,
				D78C14D61BC6642300F016B8 /* AGAppDelegate.m in Sources */,
				D78C15091BC6B2D600F016B8 /* UIImage+Color.m in Sources */,
				D78C14D31BC6642300F016B8 /* main.m in Sources */,
				D78C14FC1BC6676500F016B8 /* AGWeiBoUserInfoController.m in Sources */,
			);
			runOnlyForDeploymentPostprocessing = 0;
		};
		D78C14E21BC6642300F016B8 /* Sources */ = {
			isa = PBXSourcesBuildPhase;
			buildActionMask = 2147483647;
			files = (
				D78C14ED1BC6642300F016B8 /* AGWeiboUserInfoTests.m in Sources */,
			);
			runOnlyForDeploymentPostprocessing = 0;
		};
/* End PBXSourcesBuildPhase section */

/* Begin PBXTargetDependency section */
		D78C14E81BC6642300F016B8 /* PBXTargetDependency */ = {
			isa = PBXTargetDependency;
			target = D78C14CC1BC6642300F016B8 /* AGWeiboUserInfo */;
			targetProxy = D78C14E71BC6642300F016B8 /* PBXContainerItemProxy */;
		};
/* End PBXTargetDependency section */

/* Begin PBXVariantGroup section */
		D78C14DF1BC6642300F016B8 /* LaunchScreen.xib */ = {
			isa = PBXVariantGroup;
			children = (
				D78C14E01BC6642300F016B8 /* Base */,
			);
			name = LaunchScreen.xib;
			sourceTree = "<group>";
		};
/* End PBXVariantGroup section */

/* Begin XCBuildConfiguration section */
		D78C14EE1BC6642300F016B8 /* Debug */ = {
			isa = XCBuildConfiguration;
			buildSettings = {
				ALWAYS_SEARCH_USER_PATHS = NO;
				CLANG_CXX_LANGUAGE_STANDARD = "gnu++0x";
				CLANG_CXX_LIBRARY = "libc++";
				CLANG_ENABLE_MODULES = YES;
				CLANG_ENABLE_OBJC_ARC = YES;
				CLANG_WARN_BOOL_CONVERSION = YES;
				CLANG_WARN_CONSTANT_CONVERSION = YES;
				CLANG_WARN_DIRECT_OBJC_ISA_USAGE = YES_ERROR;
				CLANG_WARN_EMPTY_BODY = YES;
				CLANG_WARN_ENUM_CONVERSION = YES;
				CLANG_WARN_INT_CONVERSION = YES;
				CLANG_WARN_OBJC_ROOT_CLASS = YES_ERROR;
				CLANG_WARN_UNREACHABLE_CODE = YES;
				CLANG_WARN__DUPLICATE_METHOD_MATCH = YES;
				"CODE_SIGN_IDENTITY[sdk=iphoneos*]" = "iPhone Developer";
				COPY_PHASE_STRIP = NO;
				DEBUG_INFORMATION_FORMAT = "dwarf-with-dsym";
				ENABLE_STRICT_OBJC_MSGSEND = YES;
				GCC_C_LANGUAGE_STANDARD = gnu99;
				GCC_DYNAMIC_NO_PIC = NO;
				GCC_NO_COMMON_BLOCKS = YES;
				GCC_OPTIMIZATION_LEVEL = 0;
				GCC_PREPROCESSOR_DEFINITIONS = (
					"DEBUG=1",
					"$(inherited)",
				);
				GCC_SYMBOLS_PRIVATE_EXTERN = NO;
				GCC_WARN_64_TO_32_BIT_CONVERSION = YES;
				GCC_WARN_ABOUT_RETURN_TYPE = YES_ERROR;
				GCC_WARN_UNDECLARED_SELECTOR = YES;
				GCC_WARN_UNINITIALIZED_AUTOS = YES_AGGRESSIVE;
				GCC_WARN_UNUSED_FUNCTION = YES;
				GCC_WARN_UNUSED_VARIABLE = YES;
				IPHONEOS_DEPLOYMENT_TARGET = 8.4;
				MTL_ENABLE_DEBUG_INFO = YES;
				ONLY_ACTIVE_ARCH = YES;
				SDKROOT = iphoneos;
			};
			name = Debug;
		};
		D78C14EF1BC6642300F016B8 /* Release */ = {
			isa = XCBuildConfiguration;
			buildSettings = {
				ALWAYS_SEARCH_USER_PATHS = NO;
				CLANG_CXX_LANGUAGE_STANDARD = "gnu++0x";
				CLANG_CXX_LIBRARY = "libc++";
				CLANG_ENABLE_MODULES = YES;
				CLANG_ENABLE_OBJC_ARC = YES;
				CLANG_WARN_BOOL_CONVERSION = YES;
				CLANG_WARN_CONSTANT_CONVERSION = YES;
				CLANG_WARN_DIRECT_OBJC_ISA_USAGE = YES_ERROR;
				CLANG_WARN_EMPTY_BODY = YES;
				CLANG_WARN_ENUM_CONVERSION = YES;
				CLANG_WARN_INT_CONVERSION = YES;
				CLANG_WARN_OBJC_ROOT_CLASS = YES_ERROR;
				CLANG_WARN_UNREACHABLE_CODE = YES;
				CLANG_WARN__DUPLICATE_METHOD_MATCH = YES;
				"CODE_SIGN_IDENTITY[sdk=iphoneos*]" = "iPhone Developer";
				COPY_PHASE_STRIP = NO;
				DEBUG_INFORMATION_FORMAT = "dwarf-with-dsym";
				ENABLE_NS_ASSERTIONS = NO;
				ENABLE_STRICT_OBJC_MSGSEND = YES;
				GCC_C_LANGUAGE_STANDARD = gnu99;
				GCC_NO_COMMON_BLOCKS = YES;
				GCC_WARN_64_TO_32_BIT_CONVERSION = YES;
				GCC_WARN_ABOUT_RETURN_TYPE = YES_ERROR;
				GCC_WARN_UNDECLARED_SELECTOR = YES;
				GCC_WARN_UNINITIALIZED_AUTOS = YES_AGGRESSIVE;
				GCC_WARN_UNUSED_FUNCTION = YES;
				GCC_WARN_UNUSED_VARIABLE = YES;
				IPHONEOS_DEPLOYMENT_TARGET = 8.4;
				MTL_ENABLE_DEBUG_INFO = NO;
				SDKROOT = iphoneos;
				VALIDATE_PRODUCT = YES;
			};
			name = Release;
		};
		D78C14F11BC6642300F016B8 /* Debug */ = {
			isa = XCBuildConfiguration;
			buildSettings = {
				ASSETCATALOG_COMPILER_APPICON_NAME = AppIcon;
				INFOPLIST_FILE = AGWeiboUserInfo/Info.plist;
				LD_RUNPATH_SEARCH_PATHS = "$(inherited) @executable_path/Frameworks";
				PRODUCT_NAME = "$(TARGET_NAME)";
			};
			name = Debug;
		};
		D78C14F21BC6642300F016B8 /* Release */ = {
			isa = XCBuildConfiguration;
			buildSettings = {
				ASSETCATALOG_COMPILER_APPICON_NAME = AppIcon;
				INFOPLIST_FILE = AGWeiboUserInfo/Info.plist;
				LD_RUNPATH_SEARCH_PATHS = "$(inherited) @executable_path/Frameworks";
				PRODUCT_NAME = "$(TARGET_NAME)";
			};
			name = Release;
		};
		D78C14F41BC6642300F016B8 /* Debug */ = {
			isa = XCBuildConfiguration;
			buildSettings = {
				BUNDLE_LOADER = "$(TEST_HOST)";
				FRAMEWORK_SEARCH_PATHS = (
					"$(SDKROOT)/Developer/Library/Frameworks",
					"$(inherited)",
				);
				GCC_PREPROCESSOR_DEFINITIONS = (
					"DEBUG=1",
					"$(inherited)",
				);
				INFOPLIST_FILE = AGWeiboUserInfoTests/Info.plist;
				LD_RUNPATH_SEARCH_PATHS = "$(inherited) @executable_path/Frameworks @loader_path/Frameworks";
				PRODUCT_NAME = "$(TARGET_NAME)";
				TEST_HOST = "$(BUILT_PRODUCTS_DIR)/AGWeiboUserInfo.app/AGWeiboUserInfo";
			};
			name = Debug;
		};
		D78C14F51BC6642300F016B8 /* Release */ = {
			isa = XCBuildConfiguration;
			buildSettings = {
				BUNDLE_LOADER = "$(TEST_HOST)";
				FRAMEWORK_SEARCH_PATHS = (
					"$(SDKROOT)/Developer/Library/Frameworks",
					"$(inherited)",
				);
				INFOPLIST_FILE = AGWeiboUserInfoTests/Info.plist;
				LD_RUNPATH_SEARCH_PATHS = "$(inherited) @executable_path/Frameworks @loader_path/Frameworks";
				PRODUCT_NAME = "$(TARGET_NAME)";
				TEST_HOST = "$(BUILT_PRODUCTS_DIR)/AGWeiboUserInfo.app/AGWeiboUserInfo";
			};
			name = Release;
		};
/* End XCBuildConfiguration section */

/* Begin XCConfigurationList section */
		D78C14C81BC6642300F016B8 /* Build configuration list for PBXProject "AGWeiboUserInfo" */ = {
			isa = XCConfigurationList;
			buildConfigurations = (
				D78C14EE1BC6642300F016B8 /* Debug */,
				D78C14EF1BC6642300F016B8 /* Release */,
			);
			defaultConfigurationIsVisible = 0;
			defaultConfigurationName = Release;
		};
		D78C14F01BC6642300F016B8 /* Build configuration list for PBXNativeTarget "AGWeiboUserInfo" */ = {
			isa = XCConfigurationList;
			buildConfigurations = (
				D78C14F11BC6642300F016B8 /* Debug */,
				D78C14F21BC6642300F016B8 /* Release */,
			);
			defaultConfigurationIsVisible = 0;
		};
		D78C14F31BC6642300F016B8 /* Build configuration list for PBXNativeTarget "AGWeiboUserInfoTests" */ = {
			isa = XCConfigurationList;
			buildConfigurations = (
				D78C14F41BC6642300F016B8 /* Debug */,
				D78C14F51BC6642300F016B8 /* Release */,
			);
			defaultConfigurationIsVisible = 0;
		};
/* End XCConfigurationList section */
	};
	rootObject = D78C14C51BC6642300F016B8 /* Project object */;
}
